// !$*UTF8*$!
{
	archiveVersion = 1;
	classes = {
	};
	objectVersion = 50;
	objects = {

/* Begin PBXBuildFile section */
		A4FE06562654164F00A9AED7 /* AppDelegate.swift in Sources */ = {isa = PBXBuildFile; fileRef = A4FE06552654164F00A9AED7 /* AppDelegate.swift */; };
		A4FE06582654164F00A9AED7 /* SceneDelegate.swift in Sources */ = {isa = PBXBuildFile; fileRef = A4FE06572654164F00A9AED7 /* SceneDelegate.swift */; };
		A4FE065A2654164F00A9AED7 /* ViewController.swift in Sources */ = {isa = PBXBuildFile; fileRef = A4FE06592654164F00A9AED7 /* ViewController.swift */; };
		A4FE065D2654164F00A9AED7 /* Main.storyboard in Resources */ = {isa = PBXBuildFile; fileRef = A4FE065B2654164F00A9AED7 /* Main.storyboard */; };
		A4FE065F2654165200A9AED7 /* Assets.xcassets in Resources */ = {isa = PBXBuildFile; fileRef = A4FE065E2654165200A9AED7 /* Assets.xcassets */; };
		A4FE06622654165200A9AED7 /* LaunchScreen.storyboard in Resources */ = {isa = PBXBuildFile; fileRef = A4FE06602654165200A9AED7 /* LaunchScreen.storyboard */; };
		A4FE066B2654172700A9AED7 /* Graph.swift in Sources */ = {isa = PBXBuildFile; fileRef = A4FE066A2654172700A9AED7 /* Graph.swift */; };
		A4FE066D2654173D00A9AED7 /* Vertex.swift in Sources */ = {isa = PBXBuildFile; fileRef = A4FE066C2654173D00A9AED7 /* Vertex.swift */; };
		A4FE066F2654176400A9AED7 /* Queue.swift in Sources */ = {isa = PBXBuildFile; fileRef = A4FE066E2654176400A9AED7 /* Queue.swift */; };
		A4FE06722654178700A9AED7 /* UIView + Graph.swift in Sources */ = {isa = PBXBuildFile; fileRef = A4FE06712654178700A9AED7 /* UIView + Graph.swift */; };
		A4FE0674265417A100A9AED7 /* Alerts.swift in Sources */ = {isa = PBXBuildFile; fileRef = A4FE0673265417A100A9AED7 /* Alerts.swift */; };
/* End PBXBuildFile section */

/* Begin PBXFileReference section */
		A4FE06522654164F00A9AED7 /* GraphApp.app */ = {isa = PBXFileReference; explicitFileType = wrapper.application; includeInIndex = 0; path = GraphApp.app; sourceTree = BUILT_PRODUCTS_DIR; };
		A4FE06552654164F00A9AED7 /* AppDelegate.swift */ = {isa = PBXFileReference; lastKnownFileType = sourcecode.swift; path = AppDelegate.swift; sourceTree = "<group>"; };
		A4FE06572654164F00A9AED7 /* SceneDelegate.swift */ = {isa = PBXFileReference; lastKnownFileType = sourcecode.swift; path = SceneDelegate.swift; sourceTree = "<group>"; };
		A4FE06592654164F00A9AED7 /* ViewController.swift */ = {isa = PBXFileReference; lastKnownFileType = sourcecode.swift; path = ViewController.swift; sourceTree = "<group>"; };
		A4FE065C2654164F00A9AED7 /* Base */ = {isa = PBXFileReference; lastKnownFileType = file.storyboard; name = Base; path = Base.lproj/Main.storyboard; sourceTree = "<group>"; };
		A4FE065E2654165200A9AED7 /* Assets.xcassets */ = {isa = PBXFileReference; lastKnownFileType = folder.assetcatalog; path = Assets.xcassets; sourceTree = "<group>"; };
		A4FE06612654165200A9AED7 /* Base */ = {isa = PBXFileReference; lastKnownFileType = file.storyboard; name = Base; path = Base.lproj/LaunchScreen.storyboard; sourceTree = "<group>"; };
		A4FE06632654165200A9AED7 /* Info.plist */ = {isa = PBXFileReference; lastKnownFileType = text.plist.xml; path = Info.plist; sourceTree = "<group>"; };
		A4FE066A2654172700A9AED7 /* Graph.swift */ = {isa = PBXFileReference; lastKnownFileType = sourcecode.swift; path = Graph.swift; sourceTree = "<group>"; };
		A4FE066C2654173D00A9AED7 /* Vertex.swift */ = {isa = PBXFileReference; lastKnownFileType = sourcecode.swift; path = Vertex.swift; sourceTree = "<group>"; };
		A4FE066E2654176400A9AED7 /* Queue.swift */ = {isa = PBXFileReference; lastKnownFileType = sourcecode.swift; path = Queue.swift; sourceTree = "<group>"; };
		A4FE06712654178700A9AED7 /* UIView + Graph.swift */ = {isa = PBXFileReference; lastKnownFileType = sourcecode.swift; path = "UIView + Graph.swift"; sourceTree = "<group>"; };
		A4FE0673265417A100A9AED7 /* Alerts.swift */ = {isa = PBXFileReference; lastKnownFileType = sourcecode.swift; path = Alerts.swift; sourceTree = "<group>"; };
/* End PBXFileReference section */

/* Begin PBXFrameworksBuildPhase section */
		A4FE064F2654164F00A9AED7 /* Frameworks */ = {
			isa = PBXFrameworksBuildPhase;
			buildActionMask = 2147483647;
			files = (
			);
			runOnlyForDeploymentPostprocessing = 0;
		};
/* End PBXFrameworksBuildPhase section */

/* Begin PBXGroup section */
		A4FE06492654164F00A9AED7 = {
			isa = PBXGroup;
			children = (
				A4FE06542654164F00A9AED7 /* GraphApp */,
				A4FE06532654164F00A9AED7 /* Products */,
			);
			sourceTree = "<group>";
		};
		A4FE06532654164F00A9AED7 /* Products */ = {
			isa = PBXGroup;
			children = (
				A4FE06522654164F00A9AED7 /* GraphApp.app */,
			);
			name = Products;
			sourceTree = "<group>";
		};
		A4FE06542654164F00A9AED7 /* GraphApp */ = {
			isa = PBXGroup;
			children = (
				A4FE0675265417D400A9AED7 /* App */,
				A4FE0676265417DE00A9AED7 /* ViewControllers */,
				A4FE06692654171800A9AED7 /* Models */,
				A4FE0677265417F100A9AED7 /* Helpers */,
				A4FE06702654177C00A9AED7 /* Extensions */,
				A4FE06782654183200A9AED7 /* Resources */,
			);
			path = GraphApp;
			sourceTree = "<group>";
		};
		A4FE06692654171800A9AED7 /* Models */ = {
			isa = PBXGroup;
			children = (
				A4FE066A2654172700A9AED7 /* Graph.swift */,
				A4FE066C2654173D00A9AED7 /* Vertex.swift */,
				A4FE066E2654176400A9AED7 /* Queue.swift */,
			);
			path = Models;
			sourceTree = "<group>";
		};
		A4FE06702654177C00A9AED7 /* Extensions */ = {
			isa = PBXGroup;
			children = (
				A4FE06712654178700A9AED7 /* UIView + Graph.swift */,
			);
			path = Extensions;
			sourceTree = "<group>";
		};
		A4FE0675265417D400A9AED7 /* App */ = {
			isa = PBXGroup;
			children = (
				A4FE06552654164F00A9AED7 /* AppDelegate.swift */,
				A4FE06572654164F00A9AED7 /* SceneDelegate.swift */,
			);
			path = App;
			sourceTree = "<group>";
		};
		A4FE0676265417DE00A9AED7 /* ViewControllers */ = {
			isa = PBXGroup;
			children = (
				A4FE06592654164F00A9AED7 /* ViewController.swift */,
			);
			name = ViewControllers;
			sourceTree = "<group>";
		};
		A4FE0677265417F100A9AED7 /* Helpers */ = {
			isa = PBXGroup;
			children = (
				A4FE0673265417A100A9AED7 /* Alerts.swift */,
			);
			path = Helpers;
			sourceTree = "<group>";
		};
		A4FE06782654183200A9AED7 /* Resources */ = {
			isa = PBXGroup;
			children = (
				A4FE065B2654164F00A9AED7 /* Main.storyboard */,
				A4FE065E2654165200A9AED7 /* Assets.xcassets */,
				A4FE06602654165200A9AED7 /* LaunchScreen.storyboard */,
				A4FE06632654165200A9AED7 /* Info.plist */,
			);
			name = Resources;
			sourceTree = "<group>";
		};
/* End PBXGroup section */

/* Begin PBXNativeTarget section */
		A4FE06512654164F00A9AED7 /* GraphApp */ = {
			isa = PBXNativeTarget;
			buildConfigurationList = A4FE06662654165200A9AED7 /* Build configuration list for PBXNativeTarget "GraphApp" */;
			buildPhases = (
				A4FE064E2654164F00A9AED7 /* Sources */,
				A4FE064F2654164F00A9AED7 /* Frameworks */,
				A4FE06502654164F00A9AED7 /* Resources */,
			);
			buildRules = (
			);
			dependencies = (
			);
			name = GraphApp;
			productName = GraphApp;
			productReference = A4FE06522654164F00A9AED7 /* GraphApp.app */;
			productType = "com.apple.product-type.application";
		};
/* End PBXNativeTarget section */

/* Begin PBXProject section */
		A4FE064A2654164F00A9AED7 /* Project object */ = {
			isa = PBXProject;
			attributes = {
				LastSwiftUpdateCheck = 1250;
				LastUpgradeCheck = 1250;
				TargetAttributes = {
					A4FE06512654164F00A9AED7 = {
						CreatedOnToolsVersion = 12.5;
					};
				};
			};
			buildConfigurationList = A4FE064D2654164F00A9AED7 /* Build configuration list for PBXProject "GraphApp" */;
			compatibilityVersion = "Xcode 9.3";
			developmentRegion = en;
			hasScannedForEncodings = 0;
			knownRegions = (
				en,
				Base,
			);
			mainGroup = A4FE06492654164F00A9AED7;
			productRefGroup = A4FE06532654164F00A9AED7 /* Products */;
			projectDirPath = "";
			projectRoot = "";
			targets = (
				A4FE06512654164F00A9AED7 /* GraphApp */,
			);
		};
/* End PBXProject section */

/* Begin PBXResourcesBuildPhase section */
		A4FE06502654164F00A9AED7 /* Resources */ = {
			isa = PBXResourcesBuildPhase;
			buildActionMask = 2147483647;
			files = (
				A4FE06622654165200A9AED7 /* LaunchScreen.storyboard in Resources */,
				A4FE065F2654165200A9AED7 /* Assets.xcassets in Resources */,
				A4FE065D2654164F00A9AED7 /* Main.storyboard in Resources */,
			);
			runOnlyForDeploymentPostprocessing = 0;
		};
/* End PBXResourcesBuildPhase section */

/* Begin PBXSourcesBuildPhase section */
		A4FE064E2654164F00A9AED7 /* Sources */ = {
			isa = PBXSourcesBuildPhase;
			buildActionMask = 2147483647;
			files = (
				A4FE066B2654172700A9AED7 /* Graph.swift in Sources */,
				A4FE06722654178700A9AED7 /* UIView + Graph.swift in Sources */,
				A4FE0674265417A100A9AED7 /* Alerts.swift in Sources */,
				A4FE066F2654176400A9AED7 /* Queue.swift in Sources */,
				A4FE065A2654164F00A9AED7 /* ViewController.swift in Sources */,
				A4FE06562654164F00A9AED7 /* AppDelegate.swift in Sources */,
				A4FE066D2654173D00A9AED7 /* Vertex.swift in Sources */,
				A4FE06582654164F00A9AED7 /* SceneDelegate.swift in Sources */,
			);
			runOnlyForDeploymentPostprocessing = 0;
		};
/* End PBXSourcesBuildPhase section */

/* Begin PBXVariantGroup section */
		A4FE065B2654164F00A9AED7 /* Main.storyboard */ = {
			isa = PBXVariantGroup;
			children = (
				A4FE065C2654164F00A9AED7 /* Base */,
			);
			name = Main.storyboard;
			sourceTree = "<group>";
		};
		A4FE06602654165200A9AED7 /* LaunchScreen.storyboard */ = {
			isa = PBXVariantGroup;
			children = (
				A4FE06612654165200A9AED7 /* Base */,
			);
			name = LaunchScreen.storyboard;
			sourceTree = "<group>";
		};
/* End PBXVariantGroup section */

/* Begin XCBuildConfiguration section */
		A4FE06642654165200A9AED7 /* Debug */ = {
			isa = XCBuildConfiguration;
			buildSettings = {
				ALWAYS_SEARCH_USER_PATHS = NO;
				CLANG_ANALYZER_NONNULL = YES;
				CLANG_ANALYZER_NUMBER_OBJECT_CONVERSION = YES_AGGRESSIVE;
				CLANG_CXX_LANGUAGE_STANDARD = "gnu++14";
				CLANG_CXX_LIBRARY = "libc++";
				CLANG_ENABLE_MODULES = YES;
				CLANG_ENABLE_OBJC_ARC = YES;
				CLANG_ENABLE_OBJC_WEAK = YES;
				CLANG_WARN_BLOCK_CAPTURE_AUTORELEASING = YES;
				CLANG_WARN_BOOL_CONVERSION = YES;
				CLANG_WARN_COMMA = YES;
				CLANG_WARN_CONSTANT_CONVERSION = YES;
				CLANG_WARN_DEPRECATED_OBJC_IMPLEMENTATIONS = YES;
				CLANG_WARN_DIRECT_OBJC_ISA_USAGE = YES_ERROR;
				CLANG_WARN_DOCUMENTATION_COMMENTS = YES;
				CLANG_WARN_EMPTY_BODY = YES;
				CLANG_WARN_ENUM_CONVERSION = YES;
				CLANG_WARN_INFINITE_RECURSION = YES;
				CLANG_WARN_INT_CONVERSION = YES;
				CLANG_WARN_NON_LITERAL_NULL_CONVERSION = YES;
				CLANG_WARN_OBJC_IMPLICIT_RETAIN_SELF = YES;
				CLANG_WARN_OBJC_LITERAL_CONVERSION = YES;
				CLANG_WARN_OBJC_ROOT_CLASS = YES_ERROR;
				CLANG_WARN_QUOTED_INCLUDE_IN_FRAMEWORK_HEADER = YES;
				CLANG_WARN_RANGE_LOOP_ANALYSIS = YES;
				CLANG_WARN_STRICT_PROTOTYPES = YES;
				CLANG_WARN_SUSPICIOUS_MOVE = YES;
				CLANG_WARN_UNGUARDED_AVAILABILITY = YES_AGGRESSIVE;
				CLANG_WARN_UNREACHABLE_CODE = YES;
				CLANG_WARN__DUPLICATE_METHOD_MATCH = YES;
				COPY_PHASE_STRIP = NO;
				DEBUG_INFORMATION_FORMAT = dwarf;
				ENABLE_STRICT_OBJC_MSGSEND = YES;
				ENABLE_TESTABILITY = YES;
				GCC_C_LANGUAGE_STANDARD = gnu11;
				GCC_DYNAMIC_NO_PIC = NO;
				GCC_NO_COMMON_BLOCKS = YES;
				GCC_OPTIMIZATION_LEVEL = 0;
				GCC_PREPROCESSOR_DEFINITIONS = (
					"DEBUG=1",
					"$(inherited)",
				);
				GCC_WARN_64_TO_32_BIT_CONVERSION = YES;
				GCC_WARN_ABOUT_RETURN_TYPE = YES_ERROR;
				GCC_WARN_UNDECLARED_SELECTOR = YES;
				GCC_WARN_UNINITIALIZED_AUTOS = YES_AGGRESSIVE;
				GCC_WARN_UNUSED_FUNCTION = YES;
				GCC_WARN_UNUSED_VARIABLE = YES;
				IPHONEOS_DEPLOYMENT_TARGET = 14.5;
				MTL_ENABLE_DEBUG_INFO = INCLUDE_SOURCE;
				MTL_FAST_MATH = YES;
				ONLY_ACTIVE_ARCH = YES;
				SDKROOT = iphoneos;
				SWIFT_ACTIVE_COMPILATION_CONDITIONS = DEBUG;
				SWIFT_OPTIMIZATION_LEVEL = "-Onone";
			};
			name = Debug;
		};
		A4FE06652654165200A9AED7 /* Release */ = {
			isa = XCBuildConfiguration;
			buildSettings = {
				ALWAYS_SEARCH_USER_PATHS = NO;
				CLANG_ANALYZER_NONNULL = YES;
				CLANG_ANALYZER_NUMBER_OBJECT_CONVERSION = YES_AGGRESSIVE;
				CLANG_CXX_LANGUAGE_STANDARD = "gnu++14";
				CLANG_CXX_LIBRARY = "libc++";
				CLANG_ENABLE_MODULES = YES;
				CLANG_ENABLE_OBJC_ARC = YES;
				CLANG_ENABLE_OBJC_WEAK = YES;
				CLANG_WARN_BLOCK_CAPTURE_AUTORELEASING = YES;
				CLANG_WARN_BOOL_CONVERSION = YES;
				CLANG_WARN_COMMA = YES;
				CLANG_WARN_CONSTANT_CONVERSION = YES;
				CLANG_WARN_DEPRECATED_OBJC_IMPLEMENTATIONS = YES;
				CLANG_WARN_DIRECT_OBJC_ISA_USAGE = YES_ERROR;
				CLANG_WARN_DOCUMENTATION_COMMENTS = YES;
				CLANG_WARN_EMPTY_BODY = YES;
				CLANG_WARN_ENUM_CONVERSION = YES;
				CLANG_WARN_INFINITE_RECURSION = YES;
				CLANG_WARN_INT_CONVERSION = YES;
				CLANG_WARN_NON_LITERAL_NULL_CONVERSION = YES;
				CLANG_WARN_OBJC_IMPLICIT_RETAIN_SELF = YES;
				CLANG_WARN_OBJC_LITERAL_CONVERSION = YES;
				CLANG_WARN_OBJC_ROOT_CLASS = YES_ERROR;
				CLANG_WARN_QUOTED_INCLUDE_IN_FRAMEWORK_HEADER = YES;
				CLANG_WARN_RANGE_LOOP_ANALYSIS = YES;
				CLANG_WARN_STRICT_PROTOTYPES = YES;
				CLANG_WARN_SUSPICIOUS_MOVE = YES;
				CLANG_WARN_UNGUARDED_AVAILABILITY = YES_AGGRESSIVE;
				CLANG_WARN_UNREACHABLE_CODE = YES;
				CLANG_WARN__DUPLICATE_METHOD_MATCH = YES;
				COPY_PHASE_STRIP = NO;
				DEBUG_INFORMATION_FORMAT = "dwarf-with-dsym";
				ENABLE_NS_ASSERTIONS = NO;
				ENABLE_STRICT_OBJC_MSGSEND = YES;
				GCC_C_LANGUAGE_STANDARD = gnu11;
				GCC_NO_COMMON_BLOCKS = YES;
				GCC_WARN_64_TO_32_BIT_CONVERSION = YES;
				GCC_WARN_ABOUT_RETURN_TYPE = YES_ERROR;
				GCC_WARN_UNDECLARED_SELECTOR = YES;
				GCC_WARN_UNINITIALIZED_AUTOS = YES_AGGRESSIVE;
				GCC_WARN_UNUSED_FUNCTION = YES;
				GCC_WARN_UNUSED_VARIABLE = YES;
				IPHONEOS_DEPLOYMENT_TARGET = 14.5;
				MTL_ENABLE_DEBUG_INFO = NO;
				MTL_FAST_MATH = YES;
				SDKROOT = iphoneos;
				SWIFT_COMPILATION_MODE = wholemodule;
				SWIFT_OPTIMIZATION_LEVEL = "-O";
				VALIDATE_PRODUCT = YES;
			};
			name = Release;
		};
		A4FE06672654165200A9AED7 /* Debug */ = {
			isa = XCBuildConfiguration;
			buildSettings = {
				ASSETCATALOG_COMPILER_APPICON_NAME = AppIcon;
				ASSETCATALOG_COMPILER_GLOBAL_ACCENT_COLOR_NAME = AccentColor;
				CODE_SIGN_STYLE = Automatic;
				DEVELOPMENT_TEAM = XT64U8RD27;
				INFOPLIST_FILE = GraphApp/Info.plist;
				LD_RUNPATH_SEARCH_PATHS = (
					"$(inherited)",
					"@executable_path/Frameworks",
				);
				PRODUCT_BUNDLE_IDENTIFIER = com.nastyouth.GraphApp;
				PRODUCT_NAME = "$(TARGET_NAME)";
				SWIFT_VERSION = 5.0;
				TARGETED_DEVICE_FAMILY = "1,2";
			};
			name = Debug;
		};
		A4FE06682654165200A9AED7 /* Release */ = {
			isa = XCBuildConfiguration;
			buildSettings = {
				ASSETCATALOG_COMPILER_APPICON_NAME = AppIcon;
				ASSETCATALOG_COMPILER_GLOBAL_ACCENT_COLOR_NAME = AccentColor;
				CODE_SIGN_STYLE = Automatic;
				DEVELOPMENT_TEAM = XT64U8RD27;
				INFOPLIST_FILE = GraphApp/Info.plist;
				LD_RUNPATH_SEARCH_PATHS = (
					"$(inherited)",
					"@executable_path/Frameworks",
				);
				PRODUCT_BUNDLE_IDENTIFIER = com.nastyouth.GraphApp;
				PRODUCT_NAME = "$(TARGET_NAME)";
				SWIFT_VERSION = 5.0;
				TARGETED_DEVICE_FAMILY = "1,2";
			};
			name = Release;
		};
/* End XCBuildConfiguration section */

/* Begin XCConfigurationList section */
		A4FE064D2654164F00A9AED7 /* Build configuration list for PBXProject "GraphApp" */ = {
			isa = XCConfigurationList;
			buildConfigurations = (
				A4FE06642654165200A9AED7 /* Debug */,
				A4FE06652654165200A9AED7 /* Release */,
			);
			defaultConfigurationIsVisible = 0;
			defaultConfigurationName = Release;
		};
		A4FE06662654165200A9AED7 /* Build configuration list for PBXNativeTarget "GraphApp" */ = {
			isa = XCConfigurationList;
			buildConfigurations = (
				A4FE06672654165200A9AED7 /* Debug */,
				A4FE06682654165200A9AED7 /* Release */,
			);
			defaultConfigurationIsVisible = 0;
			defaultConfigurationName = Release;
		};
/* End XCConfigurationList section */
	};
	rootObject = A4FE064A2654164F00A9AED7 /* Project object */;
}
